PODS:
  - QuadratTouch (1.1.1)
  - Realm (1.0.2):
    - Realm/Headers (= 1.0.2)
  - Realm/Headers (1.0.2)
  - RealmSwift (1.0.2):
    - Realm (= 1.0.2)

DEPENDENCIES:
  - QuadratTouch (~> 1.0)
  - RealmSwift

SPEC CHECKSUMS:
  QuadratTouch: 296d83c63a4328f6f40af9fc728fe24f0e3b00d4
  Realm: 9d5c46a4d7d27958530a8dfc58f63a99e5c2cba3
  RealmSwift: 82f3ac5e24530143dddfde2033acc0d308f27d96

PODFILE CHECKSUM: 7ea11210d6edab42924b0cac954920c3dfefb365

COCOAPODS: 1.0.1
